{
  "nodes": {
    "nixpkgs": {
      "locked": {
        "lastModified": 1754651824,
        "narHash": "sha256-aB7ft6njy9EJfuW+rdToNChfRrHNRw/yTg5cSEnG+HI=",
        "owner": "NixOS",
        "repo": "nixpkgs",
        "rev": "b069b7c1e2fe1a3a24221428558bf44128d3d5c8",
        "type": "github"
      },
      "original": {
        "owner": "NixOS",
        "ref": "nixpkgs-unstable",
        "repo": "nixpkgs",
        "type": "github"
      }
    },
    "nixpkgs_2": {
      "locked": {
        "lastModified": 1744536153,
        "narHash": "sha256-awS2zRgF4uTwrOKwwiJcByDzDOdo3Q1rPZbiHQg/N38=",
        "owner": "NixOS",
        "repo": "nixpkgs",
        "rev": "18dd725c29603f582cf1900e0d25f9f1063dbf11",
        "type": "github"
      },
      "original": {
        "owner": "NixOS",
        "ref": "nixpkgs-unstable",
        "repo": "nixpkgs",
        "type": "github"
      }
    },
    "root": {
      "inputs": {
        "nixpkgs": "nixpkgs",
        "rust-overlay": "rust-overlay"
      }
    },
    "rust-overlay": {
      "inputs": {
        "nixpkgs": "nixpkgs_2"
      },
      "locked": {
        "lastModified": 1754707163,
        "narHash": "sha256-wgVgOsyJUDn2ZRpzu2gELKALoJXlBSoZJSln+Tlg5Pw=",
        "owner": "oxalica",
        "repo": "rust-overlay",
        "rev": "ac39ab4c8ed7cefe48d5ae5750f864422df58f01",
        "type": "github"
      },
      "original": {
        "owner": "oxalica",
        "repo": "rust-overlay",
        "type": "github"
      }
    }
  },
  "root": "root",
  "version": 7
}
